
Microsoft Visual Studio Solution File, Format Version 12.00
# Visual Studio 15
VisualStudioVersion = 15.0.25807.0
MinimumVisualStudioVersion = 10.0.40219.1
Project("{2150E333-8FDC-42A3-9474-1A3956D46DE8}") = "Engine", "Engine", "{50E96893-9C63-4ADF-BC2B-B89C4D652602}"
EndProject
Project("{2150E333-8FDC-42A3-9474-1A3956D46DE8}") = "Games", "Games", "{E3EA85DC-BF6F-4579-9B48-7F1472D5B92F}"
EndProject
Project("{8BC9CEB8-8B4A-11D0-8D11-00A0C91BC942}") = "UE4", "Intermediate\ProjectFiles\UE4.vcxproj", "{AA37C1D0-6F57-4F18-9184-A19DC999CFDE}"
EndProject
Project("{8BC9CEB8-8B4A-11D0-8D11-00A0C91BC942}") = "Colonize", "Intermediate\ProjectFiles\Colonize.vcxproj", "{3A89AE7F-12C5-4F9D-87EB-D4C59980BE1E}"
EndProject
Global
	GlobalSection(SolutionConfigurationPlatforms) = preSolution
		DebugGame Editor|HTML5 = DebugGame Editor|HTML5
		DebugGame Editor|IOS = DebugGame Editor|IOS
		DebugGame Editor|Win32 = DebugGame Editor|Win32
		DebugGame Editor|Win64 = DebugGame Editor|Win64
		DebugGame|HTML5 = DebugGame|HTML5
		DebugGame|IOS = DebugGame|IOS
		DebugGame|Win32 = DebugGame|Win32
		DebugGame|Win64 = DebugGame|Win64
		Development Editor|HTML5 = Development Editor|HTML5
		Development Editor|IOS = Development Editor|IOS
		Development Editor|Win32 = Development Editor|Win32
		Development Editor|Win64 = Development Editor|Win64
		Development|HTML5 = Development|HTML5
		Development|IOS = Development|IOS
		Development|Win32 = Development|Win32
		Development|Win64 = Development|Win64
		Shipping|HTML5 = Shipping|HTML5
		Shipping|IOS = Shipping|IOS
		Shipping|Win32 = Shipping|Win32
		Shipping|Win64 = Shipping|Win64
	EndGlobalSection
	GlobalSection(ProjectConfigurationPlatforms) = postSolution
		{AA37C1D0-6F57-4F18-9184-A19DC999CFDE}.DebugGame Editor|HTML5.ActiveCfg = BuiltWithUnrealBuildTool|Win32
		{AA37C1D0-6F57-4F18-9184-A19DC999CFDE}.DebugGame Editor|HTML5.Build.0 = BuiltWithUnrealBuildTool|Win32
		{AA37C1D0-6F57-4F18-9184-A19DC999CFDE}.DebugGame Editor|IOS.ActiveCfg = BuiltWithUnrealBuildTool|Win32
		{AA37C1D0-6F57-4F18-9184-A19DC999CFDE}.DebugGame Editor|IOS.Build.0 = BuiltWithUnrealBuildTool|Win32
		{AA37C1D0-6F57-4F18-9184-A19DC999CFDE}.DebugGame Editor|Win32.ActiveCfg = BuiltWithUnrealBuildTool|Win32
		{AA37C1D0-6F57-4F18-9184-A19DC999CFDE}.DebugGame Editor|Win32.Build.0 = BuiltWithUnrealBuildTool|Win32
		{AA37C1D0-6F57-4F18-9184-A19DC999CFDE}.DebugGame Editor|Win64.ActiveCfg = BuiltWithUnrealBuildTool|Win32
		{AA37C1D0-6F57-4F18-9184-A19DC999CFDE}.DebugGame Editor|Win64.Build.0 = BuiltWithUnrealBuildTool|Win32
		{AA37C1D0-6F57-4F18-9184-A19DC999CFDE}.DebugGame|HTML5.ActiveCfg = BuiltWithUnrealBuildTool|Win32
		{AA37C1D0-6F57-4F18-9184-A19DC999CFDE}.DebugGame|HTML5.Build.0 = BuiltWithUnrealBuildTool|Win32
		{AA37C1D0-6F57-4F18-9184-A19DC999CFDE}.DebugGame|IOS.ActiveCfg = BuiltWithUnrealBuildTool|Win32
		{AA37C1D0-6F57-4F18-9184-A19DC999CFDE}.DebugGame|IOS.Build.0 = BuiltWithUnrealBuildTool|Win32
		{AA37C1D0-6F57-4F18-9184-A19DC999CFDE}.DebugGame|Win32.ActiveCfg = BuiltWithUnrealBuildTool|Win32
		{AA37C1D0-6F57-4F18-9184-A19DC999CFDE}.DebugGame|Win32.Build.0 = BuiltWithUnrealBuildTool|Win32
		{AA37C1D0-6F57-4F18-9184-A19DC999CFDE}.DebugGame|Win64.ActiveCfg = BuiltWithUnrealBuildTool|Win32
		{AA37C1D0-6F57-4F18-9184-A19DC999CFDE}.DebugGame|Win64.Build.0 = BuiltWithUnrealBuildTool|Win32
		{AA37C1D0-6F57-4F18-9184-A19DC999CFDE}.Development Editor|HTML5.ActiveCfg = BuiltWithUnrealBuildTool|Win32
		{AA37C1D0-6F57-4F18-9184-A19DC999CFDE}.Development Editor|HTML5.Build.0 = BuiltWithUnrealBuildTool|Win32
		{AA37C1D0-6F57-4F18-9184-A19DC999CFDE}.Development Editor|IOS.ActiveCfg = BuiltWithUnrealBuildTool|Win32
		{AA37C1D0-6F57-4F18-9184-A19DC999CFDE}.Development Editor|IOS.Build.0 = BuiltWithUnrealBuildTool|Win32
		{AA37C1D0-6F57-4F18-9184-A19DC999CFDE}.Development Editor|Win32.ActiveCfg = BuiltWithUnrealBuildTool|Win32
		{AA37C1D0-6F57-4F18-9184-A19DC999CFDE}.Development Editor|Win32.Build.0 = BuiltWithUnrealBuildTool|Win32
		{AA37C1D0-6F57-4F18-9184-A19DC999CFDE}.Development Editor|Win64.ActiveCfg = BuiltWithUnrealBuildTool|Win32
		{AA37C1D0-6F57-4F18-9184-A19DC999CFDE}.Development Editor|Win64.Build.0 = BuiltWithUnrealBuildTool|Win32
		{AA37C1D0-6F57-4F18-9184-A19DC999CFDE}.Development|HTML5.ActiveCfg = BuiltWithUnrealBuildTool|Win32
		{AA37C1D0-6F57-4F18-9184-A19DC999CFDE}.Development|HTML5.Build.0 = BuiltWithUnrealBuildTool|Win32
		{AA37C1D0-6F57-4F18-9184-A19DC999CFDE}.Development|IOS.ActiveCfg = BuiltWithUnrealBuildTool|Win32
		{AA37C1D0-6F57-4F18-9184-A19DC999CFDE}.Development|IOS.Build.0 = BuiltWithUnrealBuildTool|Win32
		{AA37C1D0-6F57-4F18-9184-A19DC999CFDE}.Development|Win32.ActiveCfg = BuiltWithUnrealBuildTool|Win32
		{AA37C1D0-6F57-4F18-9184-A19DC999CFDE}.Development|Win32.Build.0 = BuiltWithUnrealBuildTool|Win32
		{AA37C1D0-6F57-4F18-9184-A19DC999CFDE}.Development|Win64.ActiveCfg = BuiltWithUnrealBuildTool|Win32
		{AA37C1D0-6F57-4F18-9184-A19DC999CFDE}.Development|Win64.Build.0 = BuiltWithUnrealBuildTool|Win32
		{AA37C1D0-6F57-4F18-9184-A19DC999CFDE}.Shipping|HTML5.ActiveCfg = BuiltWithUnrealBuildTool|Win32
		{AA37C1D0-6F57-4F18-9184-A19DC999CFDE}.Shipping|HTML5.Build.0 = BuiltWithUnrealBuildTool|Win32
		{AA37C1D0-6F57-4F18-9184-A19DC999CFDE}.Shipping|IOS.ActiveCfg = BuiltWithUnrealBuildTool|Win32
		{AA37C1D0-6F57-4F18-9184-A19DC999CFDE}.Shipping|IOS.Build.0 = BuiltWithUnrealBuildTool|Win32
		{AA37C1D0-6F57-4F18-9184-A19DC999CFDE}.Shipping|Win32.ActiveCfg = BuiltWithUnrealBuildTool|Win32
		{AA37C1D0-6F57-4F18-9184-A19DC999CFDE}.Shipping|Win32.Build.0 = BuiltWithUnrealBuildTool|Win32
		{AA37C1D0-6F57-4F18-9184-A19DC999CFDE}.Shipping|Win64.ActiveCfg = BuiltWithUnrealBuildTool|Win32
		{AA37C1D0-6F57-4F18-9184-A19DC999CFDE}.Shipping|Win64.Build.0 = BuiltWithUnrealBuildTool|Win32
		{3A89AE7F-12C5-4F9D-87EB-D4C59980BE1E}.DebugGame Editor|HTML5.ActiveCfg = HTML5_DebugGame_Editor|Win32
		{3A89AE7F-12C5-4F9D-87EB-D4C59980BE1E}.DebugGame Editor|IOS.ActiveCfg = IOS_DebugGame_Editor|Win32
		{3A89AE7F-12C5-4F9D-87EB-D4C59980BE1E}.DebugGame Editor|Win32.ActiveCfg = DebugGame_Editor|Win32
		{3A89AE7F-12C5-4F9D-87EB-D4C59980BE1E}.DebugGame Editor|Win64.ActiveCfg = DebugGame_Editor|x64
		{3A89AE7F-12C5-4F9D-87EB-D4C59980BE1E}.DebugGame Editor|Win64.Build.0 = DebugGame_Editor|x64
		{3A89AE7F-12C5-4F9D-87EB-D4C59980BE1E}.DebugGame|HTML5.ActiveCfg = HTML5_DebugGame_Game|Win32
		{3A89AE7F-12C5-4F9D-87EB-D4C59980BE1E}.DebugGame|HTML5.Build.0 = HTML5_DebugGame_Game|Win32
		{3A89AE7F-12C5-4F9D-87EB-D4C59980BE1E}.DebugGame|IOS.ActiveCfg = IOS_DebugGame_Game|Win32
		{3A89AE7F-12C5-4F9D-87EB-D4C59980BE1E}.DebugGame|IOS.Build.0 = IOS_DebugGame_Game|Win32
		{3A89AE7F-12C5-4F9D-87EB-D4C59980BE1E}.DebugGame|Win32.ActiveCfg = DebugGame_Game|Win32
		{3A89AE7F-12C5-4F9D-87EB-D4C59980BE1E}.DebugGame|Win32.Build.0 = DebugGame_Game|Win32
		{3A89AE7F-12C5-4F9D-87EB-D4C59980BE1E}.DebugGame|Win64.ActiveCfg = DebugGame_Game|x64
		{3A89AE7F-12C5-4F9D-87EB-D4C59980BE1E}.DebugGame|Win64.Build.0 = DebugGame_Game|x64
		{3A89AE7F-12C5-4F9D-87EB-D4C59980BE1E}.Development Editor|HTML5.ActiveCfg = HTML5_Development_Editor|Win32
		{3A89AE7F-12C5-4F9D-87EB-D4C59980BE1E}.Development Editor|IOS.ActiveCfg = IOS_Development_Editor|Win32
		{3A89AE7F-12C5-4F9D-87EB-D4C59980BE1E}.Development Editor|Win32.ActiveCfg = Development_Editor|Win32
		{3A89AE7F-12C5-4F9D-87EB-D4C59980BE1E}.Development Editor|Win64.ActiveCfg = Development_Editor|x64
		{3A89AE7F-12C5-4F9D-87EB-D4C59980BE1E}.Development Editor|Win64.Build.0 = Development_Editor|x64
		{3A89AE7F-12C5-4F9D-87EB-D4C59980BE1E}.Development|HTML5.ActiveCfg = HTML5_Development_Game|Win32
		{3A89AE7F-12C5-4F9D-87EB-D4C59980BE1E}.Development|HTML5.Build.0 = HTML5_Development_Game|Win32
		{3A89AE7F-12C5-4F9D-87EB-D4C59980BE1E}.Development|IOS.ActiveCfg = IOS_Development_Game|Win32
		{3A89AE7F-12C5-4F9D-87EB-D4C59980BE1E}.Development|IOS.Build.0 = IOS_Development_Game|Win32
		{3A89AE7F-12C5-4F9D-87EB-D4C59980BE1E}.Development|Win32.ActiveCfg = Development_Game|Win32
		{3A89AE7F-12C5-4F9D-87EB-D4C59980BE1E}.Development|Win32.Build.0 = Development_Game|Win32
		{3A89AE7F-12C5-4F9D-87EB-D4C59980BE1E}.Development|Win64.ActiveCfg = Development_Game|x64
		{3A89AE7F-12C5-4F9D-87EB-D4C59980BE1E}.Development|Win64.Build.0 = Development_Game|x64
		{3A89AE7F-12C5-4F9D-87EB-D4C59980BE1E}.Shipping|HTML5.ActiveCfg = HTML5_Shipping_Game|Win32
		{3A89AE7F-12C5-4F9D-87EB-D4C59980BE1E}.Shipping|HTML5.Build.0 = HTML5_Shipping_Game|Win32
		{3A89AE7F-12C5-4F9D-87EB-D4C59980BE1E}.Shipping|IOS.ActiveCfg = IOS_Shipping_Game|Win32
		{3A89AE7F-12C5-4F9D-87EB-D4C59980BE1E}.Shipping|IOS.Build.0 = IOS_Shipping_Game|Win32
		{3A89AE7F-12C5-4F9D-87EB-D4C59980BE1E}.Shipping|Win32.ActiveCfg = Shipping_Game|Win32
		{3A89AE7F-12C5-4F9D-87EB-D4C59980BE1E}.Shipping|Win32.Build.0 = Shipping_Game|Win32
		{3A89AE7F-12C5-4F9D-87EB-D4C59980BE1E}.Shipping|Win64.ActiveCfg = Shipping_Game|x64
		{3A89AE7F-12C5-4F9D-87EB-D4C59980BE1E}.Shipping|Win64.Build.0 = Shipping_Game|x64
	EndGlobalSection
	GlobalSection(SolutionProperties) = preSolution
		HideSolutionNode = FALSE
	EndGlobalSection
	GlobalSection(NestedProjects) = preSolution
		{AA37C1D0-6F57-4F18-9184-A19DC999CFDE} = {50E96893-9C63-4ADF-BC2B-B89C4D652602}
		{3A89AE7F-12C5-4F9D-87EB-D4C59980BE1E} = {E3EA85DC-BF6F-4579-9B48-7F1472D5B92F}
	EndGlobalSection
	GlobalSection(ExtensibilityGlobals) = postSolution
		SolutionGuid = {8B2002A1-30A3-458A-9CC5-DCE8E5A50E81}
	EndGlobalSection
EndGlobal
